dependencies:
- name: universer
  repository: oci://univer-acr-registry.cn-shenzhen.cr.aliyuncs.com/helm-charts
  version: 0.1.0
- name: collaboration-server
  repository: oci://univer-acr-registry.cn-shenzhen.cr.aliyuncs.com/helm-charts
  version: 0.1.0
- name: collaboration-demo
  repository: oci://univer-acr-registry.cn-shenzhen.cr.aliyuncs.com/helm-charts
  version: 0.1.0
- name: postgresql
  repository: oci://registry-1.docker.io/bitnamicharts
  version: 13.4.3
- name: redis
  repository: oci://registry-1.docker.io/bitnamicharts
  version: 18.11.0
- name: rabbitmq
  repository: oci://registry-1.docker.io/bitnamicharts
  version: 12.9.0
- name: minio
  repository: oci://registry-1.docker.io/bitnamicharts
  version: 13.3.1
- name: temporal
  repository: oci://univer-acr-registry.cn-shenzhen.cr.aliyuncs.com/helm-charts
  version: 0.33.0
- name: worker
  repository: oci://univer-acr-registry.cn-shenzhen.cr.aliyuncs.com/helm-charts
  version: 0.1.0
- name: base
  repository: https://istio-release.storage.googleapis.com/charts
  version: 1.20.1
- name: istiod
  repository: https://istio-release.storage.googleapis.com/charts
  version: 1.20.1
- name: cni
  repository: https://istio-release.storage.googleapis.com/charts
  version: 1.20.1
- name: gateway
  repository: https://istio-release.storage.googleapis.com/charts
  version: 1.20.1
- name: virtualservicemerge
  repository: oci://univer-acr-registry.cn-shenzhen.cr.aliyuncs.com/helm-charts
  version: 0.1.0
digest: sha256:04207f46459104136fa4b5ba8b8e3ab220f56c912b385d0b61a5be0b1478ce7e
generated: "2024-03-23T17:31:59.446500856+08:00"
