dependencies:
- name: universer
  repository: oci://univer-acr-registry.cn-shenzhen.cr.aliyuncs.com/helm-charts
  version: 0.1.0
- name: collaboration-server
  repository: oci://univer-acr-registry.cn-shenzhen.cr.aliyuncs.com/helm-charts
  version: 0.1.0
- name: collaboration-demo
  repository: oci://univer-acr-registry.cn-shenzhen.cr.aliyuncs.com/helm-charts
  version: 0.1.0
- name: worker
  repository: oci://univer-acr-registry.cn-shenzhen.cr.aliyuncs.com/helm-charts
  version: 0.1.0
- name: temporal
  repository: oci://univer-acr-registry.cn-shenzhen.cr.aliyuncs.com/helm-charts
  version: 0.33.0
- name: postgresql
  repository: oci://registry-1.docker.io/bitnamicharts
  version: 13.4.3
- name: redis
  repository: oci://registry-1.docker.io/bitnamicharts
  version: 18.11.0
- name: rabbitmq
  repository: oci://registry-1.docker.io/bitnamicharts
  version: 12.9.0
- name: minio
  repository: oci://registry-1.docker.io/bitnamicharts
  version: 13.3.1
- name: base
  repository: https://istio-release.storage.googleapis.com/charts
  version: 1.20.1
- name: istiod
  repository: https://istio-release.storage.googleapis.com/charts
  version: 1.20.1
- name: cni
  repository: https://istio-release.storage.googleapis.com/charts
  version: 1.20.1
- name: gateway
  repository: https://istio-release.storage.googleapis.com/charts
  version: 1.20.1
- name: virtualservicemerge
  repository: oci://univer-acr-registry.cn-shenzhen.cr.aliyuncs.com/helm-charts
  version: 0.1.0
digest: sha256:31154020845b8b4753f22011bfc00f8ff467b611eeb1c97ac183c5c05c41813c
generated: "2024-03-13T16:10:01.553797302+08:00"
